
Microsoft Visual Studio Solution File, Format Version 12.00
# Visual Studio for Mac
Project("{FAE04EC0-301F-11D3-BF4B-00C04F79EFBC}") = "Assembly-CSharp", "Assembly-CSharp.csproj", "{0F6733F7-A52A-F9FA-A5F4-D054ED1E2CAF}"
EndProject
Project("{FAE04EC0-301F-11D3-BF4B-00C04F79EFBC}") = "Assembly-CSharp-Editor", "Assembly-CSharp-Editor.csproj", "{28C20432-59DD-FA00-5C11-BB75EE02AC82}"
EndProject
Global
	GlobalSection(SolutionConfigurationPlatforms) = preSolution
		Debug|Any CPU = Debug|Any CPU
		Release|Any CPU = Release|Any CPU
	EndGlobalSection
	GlobalSection(ProjectConfigurationPlatforms) = postSolution
		{0F6733F7-A52A-F9FA-A5F4-D054ED1E2CAF}.Debug|Any CPU.ActiveCfg = Debug|Any CPU
		{0F6733F7-A52A-F9FA-A5F4-D054ED1E2CAF}.Debug|Any CPU.Build.0 = Debug|Any CPU
		{0F6733F7-A52A-F9FA-A5F4-D054ED1E2CAF}.Release|Any CPU.ActiveCfg = Release|Any CPU
		{0F6733F7-A52A-F9FA-A5F4-D054ED1E2CAF}.Release|Any CPU.Build.0 = Release|Any CPU
		{28C20432-59DD-FA00-5C11-BB75EE02AC82}.Debug|Any CPU.ActiveCfg = Debug|Any CPU
		{28C20432-59DD-FA00-5C11-BB75EE02AC82}.Debug|Any CPU.Build.0 = Debug|Any CPU
		{28C20432-59DD-FA00-5C11-BB75EE02AC82}.Release|Any CPU.ActiveCfg = Release|Any CPU
		{28C20432-59DD-FA00-5C11-BB75EE02AC82}.Release|Any CPU.Build.0 = Release|Any CPU
	EndGlobalSection
	GlobalSection(SolutionProperties) = preSolution
		HideSolutionNode = FALSE
	EndGlobalSection
EndGlobal
